// !$*UTF8*$!
{
	archiveVersion = 1;
	classes = {
	};
	objectVersion = 48;
	objects = {

/* Begin PBXBuildFile section */
		8B9AC28821A2F1C2008EC3FD /* AppDelegate.swift in Sources */ = {isa = PBXBuildFile; fileRef = 8B9AC28721A2F1C2008EC3FD /* AppDelegate.swift */; };
		8B9AC28A21A2F1C2008EC3FD /* ViewController.swift in Sources */ = {isa = PBXBuildFile; fileRef = 8B9AC28921A2F1C2008EC3FD /* ViewController.swift */; };
		8B9AC28D21A2F1C2008EC3FD /* Main.storyboard in Resources */ = {isa = PBXBuildFile; fileRef = 8B9AC28B21A2F1C2008EC3FD /* Main.storyboard */; };
		8B9AC28F21A2F1C2008EC3FD /* Assets.xcassets in Resources */ = {isa = PBXBuildFile; fileRef = 8B9AC28E21A2F1C2008EC3FD /* Assets.xcassets */; };
		8B9AC29221A2F1C2008EC3FD /* LaunchScreen.storyboard in Resources */ = {isa = PBXBuildFile; fileRef = 8B9AC29021A2F1C2008EC3FD /* LaunchScreen.storyboard */; };
/* End PBXBuildFile section */

/* Begin PBXFileReference section */
		8B9AC28421A2F1C2008EC3FD /* Dreamticket.app */ = {isa = PBXFileReference; explicitFileType = wrapper.application; includeInIndex = 0; path = Dreamticket.app; sourceTree = BUILT_PRODUCTS_DIR; };
		8B9AC28721A2F1C2008EC3FD /* AppDelegate.swift */ = {isa = PBXFileReference; lastKnownFileType = sourcecode.swift; path = AppDelegate.swift; sourceTree = "<group>"; };
		8B9AC28921A2F1C2008EC3FD /* ViewController.swift */ = {isa = PBXFileReference; lastKnownFileType = sourcecode.swift; path = ViewController.swift; sourceTree = "<group>"; };
		8B9AC28C21A2F1C2008EC3FD /* Base */ = {isa = PBXFileReference; lastKnownFileType = file.storyboard; name = Base; path = Base.lproj/Main.storyboard; sourceTree = "<group>"; };
		8B9AC28E21A2F1C2008EC3FD /* Assets.xcassets */ = {isa = PBXFileReference; lastKnownFileType = folder.assetcatalog; path = Assets.xcassets; sourceTree = "<group>"; };
		8B9AC29121A2F1C2008EC3FD /* Base */ = {isa = PBXFileReference; lastKnownFileType = file.storyboard; name = Base; path = Base.lproj/LaunchScreen.storyboard; sourceTree = "<group>"; };
		8B9AC29321A2F1C2008EC3FD /* Info.plist */ = {isa = PBXFileReference; lastKnownFileType = text.plist.xml; path = Info.plist; sourceTree = "<group>"; };
/* End PBXFileReference section */

/* Begin PBXFrameworksBuildPhase section */
		8B9AC28121A2F1C2008EC3FD /* Frameworks */ = {
			isa = PBXFrameworksBuildPhase;
			buildActionMask = 2147483647;
			files = (
			);
			runOnlyForDeploymentPostprocessing = 0;
		};
/* End PBXFrameworksBuildPhase section */

/* Begin PBXGroup section */
		8B9AC27B21A2F1C2008EC3FD = {
			isa = PBXGroup;
			children = (
				8B9AC28621A2F1C2008EC3FD /* Dreamticket */,
				8B9AC28521A2F1C2008EC3FD /* Products */,
			);
			sourceTree = "<group>";
		};
		8B9AC28521A2F1C2008EC3FD /* Products */ = {
			isa = PBXGroup;
			children = (
				8B9AC28421A2F1C2008EC3FD /* Dreamticket.app */,
			);
			name = Products;
			sourceTree = "<group>";
		};
		8B9AC28621A2F1C2008EC3FD /* Dreamticket */ = {
			isa = PBXGroup;
			children = (
				8B9AC28721A2F1C2008EC3FD /* AppDelegate.swift */,
				8B9AC28921A2F1C2008EC3FD /* ViewController.swift */,
				8B9AC28B21A2F1C2008EC3FD /* Main.storyboard */,
				8B9AC28E21A2F1C2008EC3FD /* Assets.xcassets */,
				8B9AC29021A2F1C2008EC3FD /* LaunchScreen.storyboard */,
				8B9AC29321A2F1C2008EC3FD /* Info.plist */,
			);
			path = Dreamticket;
			sourceTree = "<group>";
		};
/* End PBXGroup section */

/* Begin PBXNativeTarget section */
		8B9AC28321A2F1C2008EC3FD /* Dreamticket */ = {
			isa = PBXNativeTarget;
			buildConfigurationList = 8B9AC29621A2F1C2008EC3FD /* Build configuration list for PBXNativeTarget "Dreamticket" */;
			buildPhases = (
				8B9AC28021A2F1C2008EC3FD /* Sources */,
				8B9AC28121A2F1C2008EC3FD /* Frameworks */,
				8B9AC28221A2F1C2008EC3FD /* Resources */,
			);
			buildRules = (
			);
			dependencies = (
			);
			name = Dreamticket;
			productName = Dreamticket;
			productReference = 8B9AC28421A2F1C2008EC3FD /* Dreamticket.app */;
			productType = "com.apple.product-type.application";
		};
/* End PBXNativeTarget section */

/* Begin PBXProject section */
		8B9AC27C21A2F1C2008EC3FD /* Project object */ = {
			isa = PBXProject;
			attributes = {
				LastSwiftUpdateCheck = 0910;
				LastUpgradeCheck = 0910;
				ORGANIZATIONNAME = Developer;
				TargetAttributes = {
					8B9AC28321A2F1C2008EC3FD = {
						CreatedOnToolsVersion = 9.1;
						ProvisioningStyle = Automatic;
					};
				};
			};
			buildConfigurationList = 8B9AC27F21A2F1C2008EC3FD /* Build configuration list for PBXProject "Dreamticket" */;
			compatibilityVersion = "Xcode 8.0";
			developmentRegion = en;
			hasScannedForEncodings = 0;
			knownRegions = (
				en,
				Base,
			);
			mainGroup = 8B9AC27B21A2F1C2008EC3FD;
			productRefGroup = 8B9AC28521A2F1C2008EC3FD /* Products */;
			projectDirPath = "";
			projectRoot = "";
			targets = (
				8B9AC28321A2F1C2008EC3FD /* Dreamticket */,
			);
		};
/* End PBXProject section */

/* Begin PBXResourcesBuildPhase section */
		8B9AC28221A2F1C2008EC3FD /* Resources */ = {
			isa = PBXResourcesBuildPhase;
			buildActionMask = 2147483647;
			files = (
				8B9AC29221A2F1C2008EC3FD /* LaunchScreen.storyboard in Resources */,
				8B9AC28F21A2F1C2008EC3FD /* Assets.xcassets in Resources */,
				8B9AC28D21A2F1C2008EC3FD /* Main.storyboard in Resources */,
			);
			runOnlyForDeploymentPostprocessing = 0;
		};
/* End PBXResourcesBuildPhase section */

/* Begin PBXSourcesBuildPhase section */
		8B9AC28021A2F1C2008EC3FD /* Sources */ = {
			isa = PBXSourcesBuildPhase;
			buildActionMask = 2147483647;
			files = (
				8B9AC28A21A2F1C2008EC3FD /* ViewController.swift in Sources */,
				8B9AC28821A2F1C2008EC3FD /* AppDelegate.swift in Sources */,
			);
			runOnlyForDeploymentPostprocessing = 0;
		};
/* End PBXSourcesBuildPhase section */

/* Begin PBXVariantGroup section */
		8B9AC28B21A2F1C2008EC3FD /* Main.storyboard */ = {
			isa = PBXVariantGroup;
			children = (
				8B9AC28C21A2F1C2008EC3FD /* Base */,
			);
			name = Main.storyboard;
			sourceTree = "<group>";
		};
		8B9AC29021A2F1C2008EC3FD /* LaunchScreen.storyboard */ = {
			isa = PBXVariantGroup;
			children = (
				8B9AC29121A2F1C2008EC3FD /* Base */,
			);
			name = LaunchScreen.storyboard;
			sourceTree = "<group>";
		};
/* End PBXVariantGroup section */

/* Begin XCBuildConfiguration section */
		8B9AC29421A2F1C2008EC3FD /* Debug */ = {
			isa = XCBuildConfiguration;
			buildSettings = {
				ALWAYS_SEARCH_USER_PATHS = NO;
				CLANG_ANALYZER_NONNULL = YES;
				CLANG_ANALYZER_NUMBER_OBJECT_CONVERSION = YES_AGGRESSIVE;
				CLANG_CXX_LANGUAGE_STANDARD = "gnu++14";
				CLANG_CXX_LIBRARY = "libc++";
				CLANG_ENABLE_MODULES = YES;
				CLANG_ENABLE_OBJC_ARC = YES;
				CLANG_WARN_BLOCK_CAPTURE_AUTORELEASING = YES;
				CLANG_WARN_BOOL_CONVERSION = YES;
				CLANG_WARN_COMMA = YES;
				CLANG_WARN_CONSTANT_CONVERSION = YES;
				CLANG_WARN_DIRECT_OBJC_ISA_USAGE = YES_ERROR;
				CLANG_WARN_DOCUMENTATION_COMMENTS = YES;
				CLANG_WARN_EMPTY_BODY = YES;
				CLANG_WARN_ENUM_CONVERSION = YES;
				CLANG_WARN_INFINITE_RECURSION = YES;
				CLANG_WARN_INT_CONVERSION = YES;
				CLANG_WARN_NON_LITERAL_NULL_CONVERSION = YES;
				CLANG_WARN_OBJC_LITERAL_CONVERSION = YES;
				CLANG_WARN_OBJC_ROOT_CLASS = YES_ERROR;
				CLANG_WARN_RANGE_LOOP_ANALYSIS = YES;
				CLANG_WARN_STRICT_PROTOTYPES = YES;
				CLANG_WARN_SUSPICIOUS_MOVE = YES;
				CLANG_WARN_UNGUARDED_AVAILABILITY = YES_AGGRESSIVE;
				CLANG_WARN_UNREACHABLE_CODE = YES;
				CLANG_WARN__DUPLICATE_METHOD_MATCH = YES;
				CODE_SIGN_IDENTITY = "iPhone Developer";
				COPY_PHASE_STRIP = NO;
				DEBUG_INFORMATION_FORMAT = dwarf;
				ENABLE_STRICT_OBJC_MSGSEND = YES;
				ENABLE_TESTABILITY = YES;
				GCC_C_LANGUAGE_STANDARD = gnu11;
				GCC_DYNAMIC_NO_PIC = NO;
				GCC_NO_COMMON_BLOCKS = YES;
				GCC_OPTIMIZATION_LEVEL = 0;
				GCC_PREPROCESSOR_DEFINITIONS = (
					"DEBUG=1",
					"$(inherited)",
				);
				GCC_WARN_64_TO_32_BIT_CONVERSION = YES;
				GCC_WARN_ABOUT_RETURN_TYPE = YES_ERROR;
				GCC_WARN_UNDECLARED_SELECTOR = YES;
				GCC_WARN_UNINITIALIZED_AUTOS = YES_AGGRESSIVE;
				GCC_WARN_UNUSED_FUNCTION = YES;
				GCC_WARN_UNUSED_VARIABLE = YES;
				IPHONEOS_DEPLOYMENT_TARGET = 11.1;
				MTL_ENABLE_DEBUG_INFO = YES;
				ONLY_ACTIVE_ARCH = YES;
				SDKROOT = iphoneos;
				SWIFT_ACTIVE_COMPILATION_CONDITIONS = DEBUG;
				SWIFT_OPTIMIZATION_LEVEL = "-Onone";
			};
			name = Debug;
		};
		8B9AC29521A2F1C2008EC3FD /* Release */ = {
			isa = XCBuildConfiguration;
			buildSettings = {
				ALWAYS_SEARCH_USER_PATHS = NO;
				CLANG_ANALYZER_NONNULL = YES;
				CLANG_ANALYZER_NUMBER_OBJECT_CONVERSION = YES_AGGRESSIVE;
				CLANG_CXX_LANGUAGE_STANDARD = "gnu++14";
				CLANG_CXX_LIBRARY = "libc++";
				CLANG_ENABLE_MODULES = YES;
				CLANG_ENABLE_OBJC_ARC = YES;
				CLANG_WARN_BLOCK_CAPTURE_AUTORELEASING = YES;
				CLANG_WARN_BOOL_CONVERSION = YES;
				CLANG_WARN_COMMA = YES;
				CLANG_WARN_CONSTANT_CONVERSION = YES;
				CLANG_WARN_DIRECT_OBJC_ISA_USAGE = YES_ERROR;
				CLANG_WARN_DOCUMENTATION_COMMENTS = YES;
				CLANG_WARN_EMPTY_BODY = YES;
				CLANG_WARN_ENUM_CONVERSION = YES;
				CLANG_WARN_INFINITE_RECURSION = YES;
				CLANG_WARN_INT_CONVERSION = YES;
				CLANG_WARN_NON_LITERAL_NULL_CONVERSION = YES;
				CLANG_WARN_OBJC_LITERAL_CONVERSION = YES;
				CLANG_WARN_OBJC_ROOT_CLASS = YES_ERROR;
				CLANG_WARN_RANGE_LOOP_ANALYSIS = YES;
				CLANG_WARN_STRICT_PROTOTYPES = YES;
				CLANG_WARN_SUSPICIOUS_MOVE = YES;
				CLANG_WARN_UNGUARDED_AVAILABILITY = YES_AGGRESSIVE;
				CLANG_WARN_UNREACHABLE_CODE = YES;
				CLANG_WARN__DUPLICATE_METHOD_MATCH = YES;
				CODE_SIGN_IDENTITY = "iPhone Developer";
				COPY_PHASE_STRIP = NO;
				DEBUG_INFORMATION_FORMAT = "dwarf-with-dsym";
				ENABLE_NS_ASSERTIONS = NO;
				ENABLE_STRICT_OBJC_MSGSEND = YES;
				GCC_C_LANGUAGE_STANDARD = gnu11;
				GCC_NO_COMMON_BLOCKS = YES;
				GCC_WARN_64_TO_32_BIT_CONVERSION = YES;
				GCC_WARN_ABOUT_RETURN_TYPE = YES_ERROR;
				GCC_WARN_UNDECLARED_SELECTOR = YES;
				GCC_WARN_UNINITIALIZED_AUTOS = YES_AGGRESSIVE;
				GCC_WARN_UNUSED_FUNCTION = YES;
				GCC_WARN_UNUSED_VARIABLE = YES;
				IPHONEOS_DEPLOYMENT_TARGET = 11.1;
				MTL_ENABLE_DEBUG_INFO = NO;
				SDKROOT = iphoneos;
				SWIFT_OPTIMIZATION_LEVEL = "-Owholemodule";
				VALIDATE_PRODUCT = YES;
			};
			name = Release;
		};
		8B9AC29721A2F1C2008EC3FD /* Debug */ = {
			isa = XCBuildConfiguration;
			buildSettings = {
				ASSETCATALOG_COMPILER_APPICON_NAME = AppIcon;
				CODE_SIGN_STYLE = Automatic;
				INFOPLIST_FILE = Dreamticket/Info.plist;
				IPHONEOS_DEPLOYMENT_TARGET = 9.3;
				LD_RUNPATH_SEARCH_PATHS = "$(inherited) @executable_path/Frameworks";
				PRODUCT_BUNDLE_IDENTIFIER = Ynov.Dreamticket;
				PRODUCT_NAME = "$(TARGET_NAME)";
				SWIFT_VERSION = 4.0;
				TARGETED_DEVICE_FAMILY = "1,2";
			};
			name = Debug;
		};
		8B9AC29821A2F1C2008EC3FD /* Release */ = {
			isa = XCBuildConfiguration;
			buildSettings = {
				ASSETCATALOG_COMPILER_APPICON_NAME = AppIcon;
				CODE_SIGN_STYLE = Automatic;
				INFOPLIST_FILE = Dreamticket/Info.plist;
				IPHONEOS_DEPLOYMENT_TARGET = 9.3;
				LD_RUNPATH_SEARCH_PATHS = "$(inherited) @executable_path/Frameworks";
				PRODUCT_BUNDLE_IDENTIFIER = Ynov.Dreamticket;
				PRODUCT_NAME = "$(TARGET_NAME)";
				SWIFT_VERSION = 4.0;
				TARGETED_DEVICE_FAMILY = "1,2";
			};
			name = Release;
		};
/* End XCBuildConfiguration section */

/* Begin XCConfigurationList section */
		8B9AC27F21A2F1C2008EC3FD /* Build configuration list for PBXProject "Dreamticket" */ = {
			isa = XCConfigurationList;
			buildConfigurations = (
				8B9AC29421A2F1C2008EC3FD /* Debug */,
				8B9AC29521A2F1C2008EC3FD /* Release */,
			);
			defaultConfigurationIsVisible = 0;
			defaultConfigurationName = Release;
		};
		8B9AC29621A2F1C2008EC3FD /* Build configuration list for PBXNativeTarget "Dreamticket" */ = {
			isa = XCConfigurationList;
			buildConfigurations = (
				8B9AC29721A2F1C2008EC3FD /* Debug */,
				8B9AC29821A2F1C2008EC3FD /* Release */,
			);
			defaultConfigurationIsVisible = 0;
			defaultConfigurationName = Release;
		};
/* End XCConfigurationList section */
	};
	rootObject = 8B9AC27C21A2F1C2008EC3FD /* Project object */;
}
